# THIS IS AN AUTOGENERATED FILE. DO NOT EDIT THIS FILE DIRECTLY.
# yarn lockfile v1


async@2.1.4:
  version "2.1.4"
  resolved "https://r.cnpmjs.org/async/download/async-2.1.4.tgz#2d2160c7788032e4dd6cbe2502f1f9a2c8f6cde4"
  dependencies:
    lodash "^4.14.0"

bignumber.js@3.1.2:
  version "3.1.2"
  resolved "https://r.cnpmjs.org/bignumber.js/download/bignumber.js-3.1.2.tgz#f3bdb99ad5268a15fc1f0bed2fb018e2693fe236"

bluebird@^3.3.4, bluebird@^3.4.6:
  version "3.5.0"
  resolved "https://r.cnpmjs.org/bluebird/download/bluebird-3.5.0.tgz#791420d7f551eea2897453a8a77653f96606d67c"

core-util-is@~1.0.0:
  version "1.0.2"
  resolved "https://r.cnpmjs.org/core-util-is/download/core-util-is-1.0.2.tgz#b5fd54220aa2bc5ab57aab7140c940754503c1a7"

cross-env@^3.1.2:
  version "3.2.4"
  resolved "https://r.cnpmjs.org/cross-env/download/cross-env-3.2.4.tgz#9e0585f277864ed421ce756f81a980ff0d698aba"
  dependencies:
    cross-spawn "^5.1.0"
    is-windows "^1.0.0"

cross-spawn@^5.1.0:
  version "5.1.0"
  resolved "https://r.cnpmjs.org/cross-spawn/download/cross-spawn-5.1.0.tgz#e8bd0efee58fcff6f8f94510a0a554bbfa235449"
  dependencies:
    lru-cache "^4.0.1"
    shebang-command "^1.2.0"
    which "^1.2.9"

debug@^2.2.0:
  version "2.6.9"
  resolved "https://registry.yarnpkg.com/debug/-/debug-2.6.9.tgz#5d128515df134ff327e90a4c93f4e077a536341f"
  dependencies:
    ms "2.0.0"

depd@^1.1.0:
  version "1.1.0"
  resolved "https://r.cnpmjs.org/depd/download/depd-1.1.0.tgz#e1bd82c6aab6ced965b97b88b17ed3e528ca18c3"

dottie@^1.0.0:
  version "1.1.1"
  resolved "https://r.cnpmjs.org/dottie/download/dottie-1.1.1.tgz#45c2a3f48bd6528eeed267a69a848eaaca6faa6a"

enforce@0.1.7:
  version "0.1.7"
  resolved "https://r.cnpmjs.org/enforce/download/enforce-0.1.7.tgz#af7cdd3fa982b2ecaae06ae7b5c259517d22be3f"

generic-pool@2.4.2:
  version "2.4.2"
  resolved "https://r.cnpmjs.org/generic-pool/download/generic-pool-2.4.2.tgz#886bc5bf0beb7db96e81bcbba078818de5a62683"

hat@0.0.3:
  version "0.0.3"
  resolved "https://r.cnpmjs.org/hat/download/hat-0.0.3.tgz#bb014a9e64b3788aed8005917413d4ff3d502d8a"

inflection@^1.6.0:
  version "1.12.0"
  resolved "https://r.cnpmjs.org/inflection/download/inflection-1.12.0.tgz#a200935656d6f5f6bc4dc7502e1aecb703228416"

inherits@~2.0.1:
  version "2.0.3"
  resolved "https://r.cnpmjs.org/inherits/download/inherits-2.0.3.tgz#633c2c83e3da42a502f52466022480f4208261de"

is-windows@^1.0.0:
  version "1.0.0"
  resolved "https://r.cnpmjs.org/is-windows/download/is-windows-1.0.0.tgz#c61d61020c3ebe99261b781bd3d1622395f547f8"

isarray@0.0.1:
  version "0.0.1"
  resolved "https://r.cnpmjs.org/isarray/download/isarray-0.0.1.tgz#8a18acfca9a8f4177e09abfc6038939b05d1eedf"

isexe@^2.0.0:
  version "2.0.0"
  resolved "https://r.cnpmjs.org/isexe/download/isexe-2.0.0.tgz#e8fbf374dc556ff8947a10dcb0572d633f2cfa10"

lodash@4.12.0:
  version "4.12.0"
  resolved "https://r.cnpmjs.org/lodash/download/lodash-4.12.0.tgz#2bd6dc46a040f59e686c972ed21d93dc59053258"

lodash@4.17.2, lodash@^4.14.0:
  version "4.17.2"
  resolved "https://r.cnpmjs.org/lodash/download/lodash-4.17.2.tgz#34a3055babe04ce42467b607d700072c7ff6bf42"

lru-cache@^4.0.1:
  version "4.0.2"
  resolved "https://r.cnpmjs.org/lru-cache/download/lru-cache-4.0.2.tgz#1d17679c069cda5d040991a09dbc2c0db377e55e"
  dependencies:
    pseudomap "^1.0.1"
    yallist "^2.0.0"

moment-timezone@^0.5.4:
  version "0.5.13"
  resolved "https://r.cnpmjs.org/moment-timezone/download/moment-timezone-0.5.13.tgz#99ce5c7d827262eb0f1f702044177f60745d7b90"
  dependencies:
    moment ">= 2.9.0"

"moment@>= 2.9.0", moment@^2.13.0:
  version "2.18.1"
  resolved "https://r.cnpmjs.org/moment/download/moment-2.18.1.tgz#c36193dd3ce1c2eed2adb7c802dbbc77a81b1c0f"

ms@2.0.0:
  version "2.0.0"
  resolved "https://registry.yarnpkg.com/ms/-/ms-2.0.0.tgz#5608aeadfc00be6c2901df5f9861788de0d597c8"

mysql@^2.13.0:
  version "2.13.0"
  resolved "https://r.cnpmjs.org/mysql/download/mysql-2.13.0.tgz#998f1f8ca46e2e3dd7149ce982413653986aae47"
  dependencies:
    bignumber.js "3.1.2"
    readable-stream "1.1.14"
    sqlstring "2.2.0"

orm@^3.2.3:
  version "3.2.3"
  resolved "https://r.cnpmjs.org/orm/download/orm-3.2.3.tgz#53ce621d84b026ad8fdb5afd918f60aff1710f20"
  dependencies:
    async "2.1.4"
    enforce "0.1.7"
    hat "0.0.3"
    lodash "4.17.2"
    path-is-absolute "1.0.1"
    sql-ddl-sync "0.3.12"
    sql-query "0.1.26"

path-is-absolute@1.0.1:
  version "1.0.1"
  resolved "https://r.cnpmjs.org/path-is-absolute/download/path-is-absolute-1.0.1.tgz#174b9268735534ffbc7ace6bf53a5a9e1b5c5f5f"

pseudomap@^1.0.1:
  version "1.0.2"
  resolved "https://r.cnpmjs.org/pseudomap/download/pseudomap-1.0.2.tgz#f052a28da70e618917ef0a8ac34c1ae5a68286b3"

readable-stream@1.1.14:
  version "1.1.14"
  resolved "https://r.cnpmjs.org/readable-stream/download/readable-stream-1.1.14.tgz#7cf4c54ef648e3813084c636dd2079e166c081d9"
  dependencies:
    core-util-is "~1.0.0"
    inherits "~2.0.1"
    isarray "0.0.1"
    string_decoder "~0.10.x"

retry-as-promised@^2.0.0:
  version "2.2.0"
  resolved "https://r.cnpmjs.org/retry-as-promised/download/retry-as-promised-2.2.0.tgz#b0463d7fd3cf5b2fed64500ab6e8b8a49c5b8e6c"
  dependencies:
    bluebird "^3.4.6"
    cross-env "^3.1.2"
    debug "^2.2.0"

rom@^0.2.2:
  version "0.2.2"
  resolved "https://r.cnpmjs.org/rom/download/rom-0.2.2.tgz#a8dbe53950d73ab4d59794d38da61743c47ce874"

semver@^5.0.1:
  version "5.3.0"
  resolved "https://r.cnpmjs.org/semver/download/semver-5.3.0.tgz#9b2ce5d3de02d17c6012ad326aa6b4d0cf54f94f"

sequelize@^3.30.4:
  version "3.30.4"
  resolved "https://r.cnpmjs.org/sequelize/download/sequelize-3.30.4.tgz#bda2df1e31854b099e4149a111e9fc0a5ca1d1a4"
  dependencies:
    bluebird "^3.3.4"
    depd "^1.1.0"
    dottie "^1.0.0"
    generic-pool "2.4.2"
    inflection "^1.6.0"
    lodash "4.12.0"
    moment "^2.13.0"
    moment-timezone "^0.5.4"
    retry-as-promised "^2.0.0"
    semver "^5.0.1"
    shimmer "1.1.0"
    terraformer-wkt-parser "^1.1.0"
    toposort-class "^1.0.1"
    uuid "^3.0.0"
    validator "^5.2.0"
    wkx "0.2.0"

shebang-command@^1.2.0:
  version "1.2.0"
  resolved "https://r.cnpmjs.org/shebang-command/download/shebang-command-1.2.0.tgz#44aac65b695b03398968c39f363fee5deafdf1ea"
  dependencies:
    shebang-regex "^1.0.0"

shebang-regex@^1.0.0:
  version "1.0.0"
  resolved "https://r.cnpmjs.org/shebang-regex/download/shebang-regex-1.0.0.tgz#da42f49740c0b42db2ca9728571cb190c98efea3"

shimmer@1.1.0:
  version "1.1.0"
  resolved "https://r.cnpmjs.org/shimmer/download/shimmer-1.1.0.tgz#97d7377137ffbbab425522e429fe0aa89a488b35"

sql-ddl-sync@0.3.12:
  version "0.3.12"
  resolved "https://r.cnpmjs.org/sql-ddl-sync/download/sql-ddl-sync-0.3.12.tgz#4dec41e5cdd63f6c33acb0d2eb08d7b1ed6f9e7f"
  dependencies:
    lodash "4.17.2"

sql-query@0.1.26:
  version "0.1.26"
  resolved "https://r.cnpmjs.org/sql-query/download/sql-query-0.1.26.tgz#c8d358be5db1c49cc2055558ba3df64e5a48c441"

sqlstring@2.2.0:
  version "2.2.0"
  resolved "https://r.cnpmjs.org/sqlstring/download/sqlstring-2.2.0.tgz#c3135c4ea8abcd7e7ee741a4966a891d86a4f191"

string_decoder@~0.10.x:
  version "0.10.31"
  resolved "https://r.cnpmjs.org/string_decoder/download/string_decoder-0.10.31.tgz#62e203bc41766c6c28c9fc84301dab1c5310fa94"

terraformer-wkt-parser@^1.1.0:
  version "1.1.2"
  resolved "https://r.cnpmjs.org/terraformer-wkt-parser/download/terraformer-wkt-parser-1.1.2.tgz#336a0c8fc82094a5aff83288f69aedecd369bf0c"
  dependencies:
    terraformer "~1.0.5"

terraformer@~1.0.5:
  version "1.0.7"
  resolved "https://r.cnpmjs.org/terraformer/download/terraformer-1.0.7.tgz#d8a19a56fbf25966ea062d21f515b93589702d69"

toposort-class@^1.0.1:
  version "1.0.1"
  resolved "https://r.cnpmjs.org/toposort-class/download/toposort-class-1.0.1.tgz#7ffd1f78c8be28c3ba45cd4e1a3f5ee193bd9988"

uuid@^3.0.0:
  version "3.0.1"
  resolved "https://r.cnpmjs.org/uuid/download/uuid-3.0.1.tgz#6544bba2dfda8c1cf17e629a3a305e2bb1fee6c1"

validator@^5.2.0:
  version "5.7.0"
  resolved "https://r.cnpmjs.org/validator/download/validator-5.7.0.tgz#7a87a58146b695ac486071141c0c49d67da05e5c"

which@^1.2.9:
  version "1.2.14"
  resolved "https://r.cnpmjs.org/which/download/which-1.2.14.tgz#9a87c4378f03e827cecaf1acdf56c736c01c14e5"
  dependencies:
    isexe "^2.0.0"

wkx@0.2.0:
  version "0.2.0"
  resolved "https://r.cnpmjs.org/wkx/download/wkx-0.2.0.tgz#76c24f16acd0cd8f93cd34aa331e0f7961256e84"

yallist@^2.0.0:
  version "2.1.2"
  resolved "https://r.cnpmjs.org/yallist/download/yallist-2.1.2.tgz#1c11f9218f076089a47dd512f93c6699a6a81d52"
